
Microsoft Visual Studio Solution File, Format Version 12.00
# Visual Studio Version 17
VisualStudioVersion = 17.4.33205.214
MinimumVisualStudioVersion = 10.0.40219.1
Project("{FAE04EC0-301F-11D3-BF4B-00C04F79EFBC}") = "StokKontrol_API.Entities", "StokKontrol_API.Entities\StokKontrol_API.Entities.csproj", "{391174F7-0F3E-4D29-B6D0-8B1AE9D4574C}"
EndProject
Project("{FAE04EC0-301F-11D3-BF4B-00C04F79EFBC}") = "StokKontrol_API.Repositories", "StokKontrol_API.Repositories\StokKontrol_API.Repositories.csproj", "{74AED538-3836-4195-B95C-01C7AD10BE4E}"
EndProject
Project("{FAE04EC0-301F-11D3-BF4B-00C04F79EFBC}") = "StokKontrol_API.Service", "StokKontrol_API.Service\StokKontrol_API.Service.csproj", "{77C34AC5-436D-4311-9458-B03B8EAAE323}"
EndProject
Project("{FAE04EC0-301F-11D3-BF4B-00C04F79EFBC}") = "StokKontrol_API.API", "StokKontrol_API.API\StokKontrol_API.API.csproj", "{BF750D88-5AE8-49FF-8E24-D1A38380BB5E}"
EndProject
Project("{FAE04EC0-301F-11D3-BF4B-00C04F79EFBC}") = "StokKontrol_API.WebUI", "StokKontrol_API.WebUI\StokKontrol_API.WebUI.csproj", "{F63475A9-31AA-47A7-95DF-88BB5A695301}"
EndProject
Global
	GlobalSection(SolutionConfigurationPlatforms) = preSolution
		Debug|Any CPU = Debug|Any CPU
		Release|Any CPU = Release|Any CPU
	EndGlobalSection
	GlobalSection(ProjectConfigurationPlatforms) = postSolution
		{391174F7-0F3E-4D29-B6D0-8B1AE9D4574C}.Debug|Any CPU.ActiveCfg = Debug|Any CPU
		{391174F7-0F3E-4D29-B6D0-8B1AE9D4574C}.Debug|Any CPU.Build.0 = Debug|Any CPU
		{391174F7-0F3E-4D29-B6D0-8B1AE9D4574C}.Release|Any CPU.ActiveCfg = Release|Any CPU
		{391174F7-0F3E-4D29-B6D0-8B1AE9D4574C}.Release|Any CPU.Build.0 = Release|Any CPU
		{74AED538-3836-4195-B95C-01C7AD10BE4E}.Debug|Any CPU.ActiveCfg = Debug|Any CPU
		{74AED538-3836-4195-B95C-01C7AD10BE4E}.Debug|Any CPU.Build.0 = Debug|Any CPU
		{74AED538-3836-4195-B95C-01C7AD10BE4E}.Release|Any CPU.ActiveCfg = Release|Any CPU
		{74AED538-3836-4195-B95C-01C7AD10BE4E}.Release|Any CPU.Build.0 = Release|Any CPU
		{77C34AC5-436D-4311-9458-B03B8EAAE323}.Debug|Any CPU.ActiveCfg = Debug|Any CPU
		{77C34AC5-436D-4311-9458-B03B8EAAE323}.Debug|Any CPU.Build.0 = Debug|Any CPU
		{77C34AC5-436D-4311-9458-B03B8EAAE323}.Release|Any CPU.ActiveCfg = Release|Any CPU
		{77C34AC5-436D-4311-9458-B03B8EAAE323}.Release|Any CPU.Build.0 = Release|Any CPU
		{BF750D88-5AE8-49FF-8E24-D1A38380BB5E}.Debug|Any CPU.ActiveCfg = Debug|Any CPU
		{BF750D88-5AE8-49FF-8E24-D1A38380BB5E}.Debug|Any CPU.Build.0 = Debug|Any CPU
		{BF750D88-5AE8-49FF-8E24-D1A38380BB5E}.Release|Any CPU.ActiveCfg = Release|Any CPU
		{BF750D88-5AE8-49FF-8E24-D1A38380BB5E}.Release|Any CPU.Build.0 = Release|Any CPU
		{F63475A9-31AA-47A7-95DF-88BB5A695301}.Debug|Any CPU.ActiveCfg = Debug|Any CPU
		{F63475A9-31AA-47A7-95DF-88BB5A695301}.Debug|Any CPU.Build.0 = Debug|Any CPU
		{F63475A9-31AA-47A7-95DF-88BB5A695301}.Release|Any CPU.ActiveCfg = Release|Any CPU
		{F63475A9-31AA-47A7-95DF-88BB5A695301}.Release|Any CPU.Build.0 = Release|Any CPU
	EndGlobalSection
	GlobalSection(SolutionProperties) = preSolution
		HideSolutionNode = FALSE
	EndGlobalSection
	GlobalSection(ExtensibilityGlobals) = postSolution
		SolutionGuid = {9A368347-2C94-491B-9D96-124D9BCD6CA6}
	EndGlobalSection
EndGlobal
